
Microsoft Visual Studio Solution File, Format Version 12.00
# Visual Studio Version 17
VisualStudioVersion = 17.2.32519.379
MinimumVisualStudioVersion = 10.0.40219.1
Project("{FAE04EC0-301F-11D3-BF4B-00C04F79EFBC}") = "classes Basic", "classes Basic\classes Basic.csproj", "{1C195537-B195-45B5-B226-9EA6B3F0BB56}"
EndProject
Global
	GlobalSection(SolutionConfigurationPlatforms) = preSolution
		Debug|Any CPU = Debug|Any CPU
		Release|Any CPU = Release|Any CPU
	EndGlobalSection
	GlobalSection(ProjectConfigurationPlatforms) = postSolution
		{1C195537-B195-45B5-B226-9EA6B3F0BB56}.Debug|Any CPU.ActiveCfg = Debug|Any CPU
		{1C195537-B195-45B5-B226-9EA6B3F0BB56}.Debug|Any CPU.Build.0 = Debug|Any CPU
		{1C195537-B195-45B5-B226-9EA6B3F0BB56}.Release|Any CPU.ActiveCfg = Release|Any CPU
		{1C195537-B195-45B5-B226-9EA6B3F0BB56}.Release|Any CPU.Build.0 = Release|Any CPU
	EndGlobalSection
	GlobalSection(SolutionProperties) = preSolution
		HideSolutionNode = FALSE
	EndGlobalSection
	GlobalSection(ExtensibilityGlobals) = postSolution
		SolutionGuid = {9341CC76-C529-47F5-BDE3-C6532DA82D24}
	EndGlobalSection
EndGlobal
